
Microsoft Visual Studio Solution File, Format Version 12.00
# Visual Studio Version 17
VisualStudioVersion = 17.2.32519.379
MinimumVisualStudioVersion = 10.0.40219.1
Project("{FAE04EC0-301F-11D3-BF4B-00C04F79EFBC}") = "001_Arrays", "001_Arrays.csproj", "{C1B0C1AF-2110-4174-856A-835AB68DF3A5}"
EndProject
Project("{FAE04EC0-301F-11D3-BF4B-00C04F79EFBC}") = "002_Arrays", "..\002_Arrays\002_Arrays.csproj", "{DD564E72-FC0D-4B3D-9CF8-9EEB4660ECE0}"
EndProject
Global
	GlobalSection(SolutionConfigurationPlatforms) = preSolution
		Debug|Any CPU = Debug|Any CPU
		Release|Any CPU = Release|Any CPU
	EndGlobalSection
	GlobalSection(ProjectConfigurationPlatforms) = postSolution
		{C1B0C1AF-2110-4174-856A-835AB68DF3A5}.Debug|Any CPU.ActiveCfg = Debug|Any CPU
		{C1B0C1AF-2110-4174-856A-835AB68DF3A5}.Debug|Any CPU.Build.0 = Debug|Any CPU
		{C1B0C1AF-2110-4174-856A-835AB68DF3A5}.Release|Any CPU.ActiveCfg = Release|Any CPU
		{C1B0C1AF-2110-4174-856A-835AB68DF3A5}.Release|Any CPU.Build.0 = Release|Any CPU
		{DD564E72-FC0D-4B3D-9CF8-9EEB4660ECE0}.Debug|Any CPU.ActiveCfg = Debug|Any CPU
		{DD564E72-FC0D-4B3D-9CF8-9EEB4660ECE0}.Debug|Any CPU.Build.0 = Debug|Any CPU
		{DD564E72-FC0D-4B3D-9CF8-9EEB4660ECE0}.Release|Any CPU.ActiveCfg = Release|Any CPU
		{DD564E72-FC0D-4B3D-9CF8-9EEB4660ECE0}.Release|Any CPU.Build.0 = Release|Any CPU
	EndGlobalSection
	GlobalSection(SolutionProperties) = preSolution
		HideSolutionNode = FALSE
	EndGlobalSection
	GlobalSection(ExtensibilityGlobals) = postSolution
		SolutionGuid = {A7570741-92A4-4EC4-86F4-7C7E31159D99}
	EndGlobalSection
EndGlobal
