
Microsoft Visual Studio Solution File, Format Version 12.00
# Visual Studio Version 17
VisualStudioVersion = 17.2.32519.379
MinimumVisualStudioVersion = 10.0.40219.1
Project("{FAE04EC0-301F-11D3-BF4B-00C04F79EFBC}") = "Constants", "Constants.csproj", "{98B6B498-943A-425D-AA0C-C43526572F9C}"
EndProject
Global
	GlobalSection(SolutionConfigurationPlatforms) = preSolution
		Debug|Any CPU = Debug|Any CPU
		Release|Any CPU = Release|Any CPU
	EndGlobalSection
	GlobalSection(ProjectConfigurationPlatforms) = postSolution
		{98B6B498-943A-425D-AA0C-C43526572F9C}.Debug|Any CPU.ActiveCfg = Debug|Any CPU
		{98B6B498-943A-425D-AA0C-C43526572F9C}.Debug|Any CPU.Build.0 = Debug|Any CPU
		{98B6B498-943A-425D-AA0C-C43526572F9C}.Release|Any CPU.ActiveCfg = Release|Any CPU
		{98B6B498-943A-425D-AA0C-C43526572F9C}.Release|Any CPU.Build.0 = Release|Any CPU
	EndGlobalSection
	GlobalSection(SolutionProperties) = preSolution
		HideSolutionNode = FALSE
	EndGlobalSection
	GlobalSection(ExtensibilityGlobals) = postSolution
		SolutionGuid = {6645A486-F36B-4F76-BBA2-BB9B4F8AD844}
	EndGlobalSection
EndGlobal
