
Microsoft Visual Studio Solution File, Format Version 12.00
# Visual Studio Version 17
VisualStudioVersion = 17.2.32519.379
MinimumVisualStudioVersion = 10.0.40219.1
Project("{FAE04EC0-301F-11D3-BF4B-00C04F79EFBC}") = "001_Cycle_While", "001_Cycle_While.csproj", "{A3451526-ACFA-413F-A93C-5EC6065BA226}"
EndProject
Project("{FAE04EC0-301F-11D3-BF4B-00C04F79EFBC}") = "002_Cycle_While", "..\002_Cycle_While\002_Cycle_While.csproj", "{68181A3D-2F2A-4805-A53B-B544163FE88E}"
EndProject
Global
	GlobalSection(SolutionConfigurationPlatforms) = preSolution
		Debug|Any CPU = Debug|Any CPU
		Release|Any CPU = Release|Any CPU
	EndGlobalSection
	GlobalSection(ProjectConfigurationPlatforms) = postSolution
		{A3451526-ACFA-413F-A93C-5EC6065BA226}.Debug|Any CPU.ActiveCfg = Debug|Any CPU
		{A3451526-ACFA-413F-A93C-5EC6065BA226}.Debug|Any CPU.Build.0 = Debug|Any CPU
		{A3451526-ACFA-413F-A93C-5EC6065BA226}.Release|Any CPU.ActiveCfg = Release|Any CPU
		{A3451526-ACFA-413F-A93C-5EC6065BA226}.Release|Any CPU.Build.0 = Release|Any CPU
		{68181A3D-2F2A-4805-A53B-B544163FE88E}.Debug|Any CPU.ActiveCfg = Debug|Any CPU
		{68181A3D-2F2A-4805-A53B-B544163FE88E}.Debug|Any CPU.Build.0 = Debug|Any CPU
		{68181A3D-2F2A-4805-A53B-B544163FE88E}.Release|Any CPU.ActiveCfg = Release|Any CPU
		{68181A3D-2F2A-4805-A53B-B544163FE88E}.Release|Any CPU.Build.0 = Release|Any CPU
	EndGlobalSection
	GlobalSection(SolutionProperties) = preSolution
		HideSolutionNode = FALSE
	EndGlobalSection
	GlobalSection(ExtensibilityGlobals) = postSolution
		SolutionGuid = {989514DA-EA03-43AB-BDEB-C421B42039A0}
	EndGlobalSection
EndGlobal
